
Microsoft Visual Studio Solution File, Format Version 12.00
# Visual Studio Version 16
VisualStudioVersion = 16.0.29403.142
MinimumVisualStudioVersion = 10.0.40219.1
Project("{FAE04EC0-301F-11D3-BF4B-00C04F79EFBC}") = "TemperatureScale.UWP", "TemperatureScale\TemperatureScale.UWP\TemperatureScale.UWP.csproj", "{51813BF9-600A-47E0-93AD-E70224B42B45}"
EndProject
Project("{FAE04EC0-301F-11D3-BF4B-00C04F79EFBC}") = "TemperatureScale.Android", "TemperatureScale\TemperatureScale.Android\TemperatureScale.Android.csproj", "{05824568-64F8-4296-A0B8-E95BF2818DC0}"
EndProject
Project("{FAE04EC0-301F-11D3-BF4B-00C04F79EFBC}") = "TemperatureScale.iOS", "TemperatureScale\TemperatureScale.iOS\TemperatureScale.iOS.csproj", "{A10F60DA-B1AF-4777-8654-836015A57418}"
EndProject
Project("{FAE04EC0-301F-11D3-BF4B-00C04F79EFBC}") = "TemperatureScale", "TemperatureScale\TemperatureScale\TemperatureScale.csproj", "{D86F71D8-5C49-4A20-848E-9BB3FF008EDA}"
EndProject
Global
	GlobalSection(SolutionConfigurationPlatforms) = preSolution
		Debug|Any CPU = Debug|Any CPU
		Debug|ARM = Debug|ARM
		Debug|iPhone = Debug|iPhone
		Debug|iPhoneSimulator = Debug|iPhoneSimulator
		Debug|x64 = Debug|x64
		Debug|x86 = Debug|x86
		Release|Any CPU = Release|Any CPU
		Release|ARM = Release|ARM
		Release|iPhone = Release|iPhone
		Release|iPhoneSimulator = Release|iPhoneSimulator
		Release|x64 = Release|x64
		Release|x86 = Release|x86
	EndGlobalSection
	GlobalSection(ProjectConfigurationPlatforms) = postSolution
		{51813BF9-600A-47E0-93AD-E70224B42B45}.Debug|Any CPU.ActiveCfg = Debug|x86
		{51813BF9-600A-47E0-93AD-E70224B42B45}.Debug|Any CPU.Build.0 = Debug|x86
		{51813BF9-600A-47E0-93AD-E70224B42B45}.Debug|Any CPU.Deploy.0 = Debug|x86
		{51813BF9-600A-47E0-93AD-E70224B42B45}.Debug|ARM.ActiveCfg = Debug|ARM
		{51813BF9-600A-47E0-93AD-E70224B42B45}.Debug|ARM.Build.0 = Debug|ARM
		{51813BF9-600A-47E0-93AD-E70224B42B45}.Debug|ARM.Deploy.0 = Debug|ARM
		{51813BF9-600A-47E0-93AD-E70224B42B45}.Debug|iPhone.ActiveCfg = Debug|x86
		{51813BF9-600A-47E0-93AD-E70224B42B45}.Debug|iPhone.Build.0 = Debug|x86
		{51813BF9-600A-47E0-93AD-E70224B42B45}.Debug|iPhone.Deploy.0 = Debug|x86
		{51813BF9-600A-47E0-93AD-E70224B42B45}.Debug|iPhoneSimulator.ActiveCfg = Debug|x86
		{51813BF9-600A-47E0-93AD-E70224B42B45}.Debug|iPhoneSimulator.Build.0 = Debug|x86
		{51813BF9-600A-47E0-93AD-E70224B42B45}.Debug|iPhoneSimulator.Deploy.0 = Debug|x86
		{51813BF9-600A-47E0-93AD-E70224B42B45}.Debug|x64.ActiveCfg = Debug|x64
		{51813BF9-600A-47E0-93AD-E70224B42B45}.Debug|x64.Build.0 = Debug|x64
		{51813BF9-600A-47E0-93AD-E70224B42B45}.Debug|x64.Deploy.0 = Debug|x64
		{51813BF9-600A-47E0-93AD-E70224B42B45}.Debug|x86.ActiveCfg = Debug|x86
		{51813BF9-600A-47E0-93AD-E70224B42B45}.Debug|x86.Build.0 = Debug|x86
		{51813BF9-600A-47E0-93AD-E70224B42B45}.Debug|x86.Deploy.0 = Debug|x86
		{51813BF9-600A-47E0-93AD-E70224B42B45}.Release|Any CPU.ActiveCfg = Release|x86
		{51813BF9-600A-47E0-93AD-E70224B42B45}.Release|Any CPU.Build.0 = Release|x86
		{51813BF9-600A-47E0-93AD-E70224B42B45}.Release|Any CPU.Deploy.0 = Release|x86
		{51813BF9-600A-47E0-93AD-E70224B42B45}.Release|ARM.ActiveCfg = Release|ARM
		{51813BF9-600A-47E0-93AD-E70224B42B45}.Release|ARM.Build.0 = Release|ARM
		{51813BF9-600A-47E0-93AD-E70224B42B45}.Release|ARM.Deploy.0 = Release|ARM
		{51813BF9-600A-47E0-93AD-E70224B42B45}.Release|iPhone.ActiveCfg = Release|x86
		{51813BF9-600A-47E0-93AD-E70224B42B45}.Release|iPhone.Build.0 = Release|x86
		{51813BF9-600A-47E0-93AD-E70224B42B45}.Release|iPhone.Deploy.0 = Release|x86
		{51813BF9-600A-47E0-93AD-E70224B42B45}.Release|iPhoneSimulator.ActiveCfg = Release|x86
		{51813BF9-600A-47E0-93AD-E70224B42B45}.Release|iPhoneSimulator.Build.0 = Release|x86
		{51813BF9-600A-47E0-93AD-E70224B42B45}.Release|iPhoneSimulator.Deploy.0 = Release|x86
		{51813BF9-600A-47E0-93AD-E70224B42B45}.Release|x64.ActiveCfg = Release|x64
		{51813BF9-600A-47E0-93AD-E70224B42B45}.Release|x64.Build.0 = Release|x64
		{51813BF9-600A-47E0-93AD-E70224B42B45}.Release|x64.Deploy.0 = Release|x64
		{51813BF9-600A-47E0-93AD-E70224B42B45}.Release|x86.ActiveCfg = Release|x86
		{51813BF9-600A-47E0-93AD-E70224B42B45}.Release|x86.Build.0 = Release|x86
		{51813BF9-600A-47E0-93AD-E70224B42B45}.Release|x86.Deploy.0 = Release|x86
		{05824568-64F8-4296-A0B8-E95BF2818DC0}.Debug|Any CPU.ActiveCfg = Debug|Any CPU
		{05824568-64F8-4296-A0B8-E95BF2818DC0}.Debug|Any CPU.Build.0 = Debug|Any CPU
		{05824568-64F8-4296-A0B8-E95BF2818DC0}.Debug|Any CPU.Deploy.0 = Debug|Any CPU
		{05824568-64F8-4296-A0B8-E95BF2818DC0}.Debug|ARM.ActiveCfg = Debug|Any CPU
		{05824568-64F8-4296-A0B8-E95BF2818DC0}.Debug|ARM.Build.0 = Debug|Any CPU
		{05824568-64F8-4296-A0B8-E95BF2818DC0}.Debug|ARM.Deploy.0 = Debug|Any CPU
		{05824568-64F8-4296-A0B8-E95BF2818DC0}.Debug|iPhone.ActiveCfg = Debug|Any CPU
		{05824568-64F8-4296-A0B8-E95BF2818DC0}.Debug|iPhone.Build.0 = Debug|Any CPU
		{05824568-64F8-4296-A0B8-E95BF2818DC0}.Debug|iPhone.Deploy.0 = Debug|Any CPU
		{05824568-64F8-4296-A0B8-E95BF2818DC0}.Debug|iPhoneSimulator.ActiveCfg = Debug|Any CPU
		{05824568-64F8-4296-A0B8-E95BF2818DC0}.Debug|iPhoneSimulator.Build.0 = Debug|Any CPU
		{05824568-64F8-4296-A0B8-E95BF2818DC0}.Debug|iPhoneSimulator.Deploy.0 = Debug|Any CPU
		{05824568-64F8-4296-A0B8-E95BF2818DC0}.Debug|x64.ActiveCfg = Debug|Any CPU
		{05824568-64F8-4296-A0B8-E95BF2818DC0}.Debug|x64.Build.0 = Debug|Any CPU
		{05824568-64F8-4296-A0B8-E95BF2818DC0}.Debug|x64.Deploy.0 = Debug|Any CPU
		{05824568-64F8-4296-A0B8-E95BF2818DC0}.Debug|x86.ActiveCfg = Debug|Any CPU
		{05824568-64F8-4296-A0B8-E95BF2818DC0}.Debug|x86.Build.0 = Debug|Any CPU
		{05824568-64F8-4296-A0B8-E95BF2818DC0}.Debug|x86.Deploy.0 = Debug|Any CPU
		{05824568-64F8-4296-A0B8-E95BF2818DC0}.Release|Any CPU.ActiveCfg = Release|Any CPU
		{05824568-64F8-4296-A0B8-E95BF2818DC0}.Release|Any CPU.Build.0 = Release|Any CPU
		{05824568-64F8-4296-A0B8-E95BF2818DC0}.Release|Any CPU.Deploy.0 = Release|Any CPU
		{05824568-64F8-4296-A0B8-E95BF2818DC0}.Release|ARM.ActiveCfg = Release|Any CPU
		{05824568-64F8-4296-A0B8-E95BF2818DC0}.Release|ARM.Build.0 = Release|Any CPU
		{05824568-64F8-4296-A0B8-E95BF2818DC0}.Release|ARM.Deploy.0 = Release|Any CPU
		{05824568-64F8-4296-A0B8-E95BF2818DC0}.Release|iPhone.ActiveCfg = Release|Any CPU
		{05824568-64F8-4296-A0B8-E95BF2818DC0}.Release|iPhone.Build.0 = Release|Any CPU
		{05824568-64F8-4296-A0B8-E95BF2818DC0}.Release|iPhone.Deploy.0 = Release|Any CPU
		{05824568-64F8-4296-A0B8-E95BF2818DC0}.Release|iPhoneSimulator.ActiveCfg = Release|Any CPU
		{05824568-64F8-4296-A0B8-E95BF2818DC0}.Release|iPhoneSimulator.Build.0 = Release|Any CPU
		{05824568-64F8-4296-A0B8-E95BF2818DC0}.Release|iPhoneSimulator.Deploy.0 = Release|Any CPU
		{05824568-64F8-4296-A0B8-E95BF2818DC0}.Release|x64.ActiveCfg = Release|Any CPU
		{05824568-64F8-4296-A0B8-E95BF2818DC0}.Release|x64.Build.0 = Release|Any CPU
		{05824568-64F8-4296-A0B8-E95BF2818DC0}.Release|x64.Deploy.0 = Release|Any CPU
		{05824568-64F8-4296-A0B8-E95BF2818DC0}.Release|x86.ActiveCfg = Release|Any CPU
		{05824568-64F8-4296-A0B8-E95BF2818DC0}.Release|x86.Build.0 = Release|Any CPU
		{05824568-64F8-4296-A0B8-E95BF2818DC0}.Release|x86.Deploy.0 = Release|Any CPU
		{A10F60DA-B1AF-4777-8654-836015A57418}.Debug|Any CPU.ActiveCfg = Debug|iPhone
		{A10F60DA-B1AF-4777-8654-836015A57418}.Debug|Any CPU.Build.0 = Debug|iPhone
		{A10F60DA-B1AF-4777-8654-836015A57418}.Debug|Any CPU.Deploy.0 = Debug|iPhone
		{A10F60DA-B1AF-4777-8654-836015A57418}.Debug|ARM.ActiveCfg = Debug|iPhoneSimulator
		{A10F60DA-B1AF-4777-8654-836015A57418}.Debug|ARM.Build.0 = Debug|iPhoneSimulator
		{A10F60DA-B1AF-4777-8654-836015A57418}.Debug|ARM.Deploy.0 = Debug|iPhoneSimulator
		{A10F60DA-B1AF-4777-8654-836015A57418}.Debug|iPhone.ActiveCfg = Debug|iPhone
		{A10F60DA-B1AF-4777-8654-836015A57418}.Debug|iPhone.Build.0 = Debug|iPhone
		{A10F60DA-B1AF-4777-8654-836015A57418}.Debug|iPhone.Deploy.0 = Debug|iPhone
		{A10F60DA-B1AF-4777-8654-836015A57418}.Debug|iPhoneSimulator.ActiveCfg = Debug|iPhoneSimulator
		{A10F60DA-B1AF-4777-8654-836015A57418}.Debug|iPhoneSimulator.Build.0 = Debug|iPhoneSimulator
		{A10F60DA-B1AF-4777-8654-836015A57418}.Debug|iPhoneSimulator.Deploy.0 = Debug|iPhoneSimulator
		{A10F60DA-B1AF-4777-8654-836015A57418}.Debug|x64.ActiveCfg = Debug|iPhone
		{A10F60DA-B1AF-4777-8654-836015A57418}.Debug|x64.Build.0 = Debug|iPhone
		{A10F60DA-B1AF-4777-8654-836015A57418}.Debug|x64.Deploy.0 = Debug|iPhone
		{A10F60DA-B1AF-4777-8654-836015A57418}.Debug|x86.ActiveCfg = Debug|iPhone
		{A10F60DA-B1AF-4777-8654-836015A57418}.Debug|x86.Build.0 = Debug|iPhone
		{A10F60DA-B1AF-4777-8654-836015A57418}.Debug|x86.Deploy.0 = Debug|iPhone
		{A10F60DA-B1AF-4777-8654-836015A57418}.Release|Any CPU.ActiveCfg = Release|iPhone
		{A10F60DA-B1AF-4777-8654-836015A57418}.Release|Any CPU.Build.0 = Release|iPhone
		{A10F60DA-B1AF-4777-8654-836015A57418}.Release|Any CPU.Deploy.0 = Release|iPhone
		{A10F60DA-B1AF-4777-8654-836015A57418}.Release|ARM.ActiveCfg = Release|iPhone
		{A10F60DA-B1AF-4777-8654-836015A57418}.Release|ARM.Build.0 = Release|iPhone
		{A10F60DA-B1AF-4777-8654-836015A57418}.Release|ARM.Deploy.0 = Release|iPhone
		{A10F60DA-B1AF-4777-8654-836015A57418}.Release|iPhone.ActiveCfg = Release|iPhone
		{A10F60DA-B1AF-4777-8654-836015A57418}.Release|iPhone.Build.0 = Release|iPhone
		{A10F60DA-B1AF-4777-8654-836015A57418}.Release|iPhone.Deploy.0 = Release|iPhone
		{A10F60DA-B1AF-4777-8654-836015A57418}.Release|iPhoneSimulator.ActiveCfg = Release|iPhoneSimulator
		{A10F60DA-B1AF-4777-8654-836015A57418}.Release|iPhoneSimulator.Build.0 = Release|iPhoneSimulator
		{A10F60DA-B1AF-4777-8654-836015A57418}.Release|iPhoneSimulator.Deploy.0 = Release|iPhoneSimulator
		{A10F60DA-B1AF-4777-8654-836015A57418}.Release|x64.ActiveCfg = Release|iPhone
		{A10F60DA-B1AF-4777-8654-836015A57418}.Release|x64.Build.0 = Release|iPhone
		{A10F60DA-B1AF-4777-8654-836015A57418}.Release|x64.Deploy.0 = Release|iPhone
		{A10F60DA-B1AF-4777-8654-836015A57418}.Release|x86.ActiveCfg = Release|iPhone
		{A10F60DA-B1AF-4777-8654-836015A57418}.Release|x86.Build.0 = Release|iPhone
		{A10F60DA-B1AF-4777-8654-836015A57418}.Release|x86.Deploy.0 = Release|iPhone
		{D86F71D8-5C49-4A20-848E-9BB3FF008EDA}.Debug|Any CPU.ActiveCfg = Debug|Any CPU
		{D86F71D8-5C49-4A20-848E-9BB3FF008EDA}.Debug|Any CPU.Build.0 = Debug|Any CPU
		{D86F71D8-5C49-4A20-848E-9BB3FF008EDA}.Debug|Any CPU.Deploy.0 = Debug|Any CPU
		{D86F71D8-5C49-4A20-848E-9BB3FF008EDA}.Debug|ARM.ActiveCfg = Debug|Any CPU
		{D86F71D8-5C49-4A20-848E-9BB3FF008EDA}.Debug|ARM.Build.0 = Debug|Any CPU
		{D86F71D8-5C49-4A20-848E-9BB3FF008EDA}.Debug|ARM.Deploy.0 = Debug|Any CPU
		{D86F71D8-5C49-4A20-848E-9BB3FF008EDA}.Debug|iPhone.ActiveCfg = Debug|Any CPU
		{D86F71D8-5C49-4A20-848E-9BB3FF008EDA}.Debug|iPhone.Build.0 = Debug|Any CPU
		{D86F71D8-5C49-4A20-848E-9BB3FF008EDA}.Debug|iPhone.Deploy.0 = Debug|Any CPU
		{D86F71D8-5C49-4A20-848E-9BB3FF008EDA}.Debug|iPhoneSimulator.ActiveCfg = Debug|Any CPU
		{D86F71D8-5C49-4A20-848E-9BB3FF008EDA}.Debug|iPhoneSimulator.Build.0 = Debug|Any CPU
		{D86F71D8-5C49-4A20-848E-9BB3FF008EDA}.Debug|iPhoneSimulator.Deploy.0 = Debug|Any CPU
		{D86F71D8-5C49-4A20-848E-9BB3FF008EDA}.Debug|x64.ActiveCfg = Debug|Any CPU
		{D86F71D8-5C49-4A20-848E-9BB3FF008EDA}.Debug|x64.Build.0 = Debug|Any CPU
		{D86F71D8-5C49-4A20-848E-9BB3FF008EDA}.Debug|x64.Deploy.0 = Debug|Any CPU
		{D86F71D8-5C49-4A20-848E-9BB3FF008EDA}.Debug|x86.ActiveCfg = Debug|Any CPU
		{D86F71D8-5C49-4A20-848E-9BB3FF008EDA}.Debug|x86.Build.0 = Debug|Any CPU
		{D86F71D8-5C49-4A20-848E-9BB3FF008EDA}.Debug|x86.Deploy.0 = Debug|Any CPU
		{D86F71D8-5C49-4A20-848E-9BB3FF008EDA}.Release|Any CPU.ActiveCfg = Release|Any CPU
		{D86F71D8-5C49-4A20-848E-9BB3FF008EDA}.Release|Any CPU.Build.0 = Release|Any CPU
		{D86F71D8-5C49-4A20-848E-9BB3FF008EDA}.Release|Any CPU.Deploy.0 = Release|Any CPU
		{D86F71D8-5C49-4A20-848E-9BB3FF008EDA}.Release|ARM.ActiveCfg = Release|Any CPU
		{D86F71D8-5C49-4A20-848E-9BB3FF008EDA}.Release|ARM.Build.0 = Release|Any CPU
		{D86F71D8-5C49-4A20-848E-9BB3FF008EDA}.Release|ARM.Deploy.0 = Release|Any CPU
		{D86F71D8-5C49-4A20-848E-9BB3FF008EDA}.Release|iPhone.ActiveCfg = Release|Any CPU
		{D86F71D8-5C49-4A20-848E-9BB3FF008EDA}.Release|iPhone.Build.0 = Release|Any CPU
		{D86F71D8-5C49-4A20-848E-9BB3FF008EDA}.Release|iPhone.Deploy.0 = Release|Any CPU
		{D86F71D8-5C49-4A20-848E-9BB3FF008EDA}.Release|iPhoneSimulator.ActiveCfg = Release|Any CPU
		{D86F71D8-5C49-4A20-848E-9BB3FF008EDA}.Release|iPhoneSimulator.Build.0 = Release|Any CPU
		{D86F71D8-5C49-4A20-848E-9BB3FF008EDA}.Release|iPhoneSimulator.Deploy.0 = Release|Any CPU
		{D86F71D8-5C49-4A20-848E-9BB3FF008EDA}.Release|x64.ActiveCfg = Release|Any CPU
		{D86F71D8-5C49-4A20-848E-9BB3FF008EDA}.Release|x64.Build.0 = Release|Any CPU
		{D86F71D8-5C49-4A20-848E-9BB3FF008EDA}.Release|x64.Deploy.0 = Release|Any CPU
		{D86F71D8-5C49-4A20-848E-9BB3FF008EDA}.Release|x86.ActiveCfg = Release|Any CPU
		{D86F71D8-5C49-4A20-848E-9BB3FF008EDA}.Release|x86.Build.0 = Release|Any CPU
		{D86F71D8-5C49-4A20-848E-9BB3FF008EDA}.Release|x86.Deploy.0 = Release|Any CPU
	EndGlobalSection
	GlobalSection(SolutionProperties) = preSolution
		HideSolutionNode = FALSE
	EndGlobalSection
	GlobalSection(ExtensibilityGlobals) = postSolution
		SolutionGuid = {16A3AE1A-D64E-4E72-97FF-8A45C85B9031}
	EndGlobalSection
EndGlobal
