
Microsoft Visual Studio Solution File, Format Version 12.00
# Visual Studio Version 16
VisualStudioVersion = 16.0.29403.142
MinimumVisualStudioVersion = 10.0.40219.1
Project("{FAE04EC0-301F-11D3-BF4B-00C04F79EFBC}") = "QiblaLocater.UWP", "QiblaLocater\QiblaLocater.UWP\QiblaLocater.UWP.csproj", "{237DBF5C-2985-443D-9701-BAAD2372A803}"
EndProject
Project("{FAE04EC0-301F-11D3-BF4B-00C04F79EFBC}") = "QiblaLocater.Android", "QiblaLocater\QiblaLocater.Android\QiblaLocater.Android.csproj", "{E2BD3F39-8B7C-4EE1-B69D-E585334CCA3B}"
EndProject
Project("{FAE04EC0-301F-11D3-BF4B-00C04F79EFBC}") = "QiblaLocater.iOS", "QiblaLocater\QiblaLocater.iOS\QiblaLocater.iOS.csproj", "{4C789BF4-EA1F-443B-A2D1-66E5067E029F}"
EndProject
Project("{FAE04EC0-301F-11D3-BF4B-00C04F79EFBC}") = "QiblaLocater", "QiblaLocater\QiblaLocater\QiblaLocater.csproj", "{074D275E-C7BD-4865-883C-ACBBB2D6B40B}"
EndProject
Global
	GlobalSection(SolutionConfigurationPlatforms) = preSolution
		Debug|Any CPU = Debug|Any CPU
		Debug|ARM = Debug|ARM
		Debug|iPhone = Debug|iPhone
		Debug|iPhoneSimulator = Debug|iPhoneSimulator
		Debug|x64 = Debug|x64
		Debug|x86 = Debug|x86
		Release|Any CPU = Release|Any CPU
		Release|ARM = Release|ARM
		Release|iPhone = Release|iPhone
		Release|iPhoneSimulator = Release|iPhoneSimulator
		Release|x64 = Release|x64
		Release|x86 = Release|x86
	EndGlobalSection
	GlobalSection(ProjectConfigurationPlatforms) = postSolution
		{237DBF5C-2985-443D-9701-BAAD2372A803}.Debug|Any CPU.ActiveCfg = Debug|x86
		{237DBF5C-2985-443D-9701-BAAD2372A803}.Debug|Any CPU.Build.0 = Debug|x86
		{237DBF5C-2985-443D-9701-BAAD2372A803}.Debug|Any CPU.Deploy.0 = Debug|x86
		{237DBF5C-2985-443D-9701-BAAD2372A803}.Debug|ARM.ActiveCfg = Debug|ARM
		{237DBF5C-2985-443D-9701-BAAD2372A803}.Debug|ARM.Build.0 = Debug|ARM
		{237DBF5C-2985-443D-9701-BAAD2372A803}.Debug|ARM.Deploy.0 = Debug|ARM
		{237DBF5C-2985-443D-9701-BAAD2372A803}.Debug|iPhone.ActiveCfg = Debug|x86
		{237DBF5C-2985-443D-9701-BAAD2372A803}.Debug|iPhone.Build.0 = Debug|x86
		{237DBF5C-2985-443D-9701-BAAD2372A803}.Debug|iPhone.Deploy.0 = Debug|x86
		{237DBF5C-2985-443D-9701-BAAD2372A803}.Debug|iPhoneSimulator.ActiveCfg = Debug|x86
		{237DBF5C-2985-443D-9701-BAAD2372A803}.Debug|iPhoneSimulator.Build.0 = Debug|x86
		{237DBF5C-2985-443D-9701-BAAD2372A803}.Debug|iPhoneSimulator.Deploy.0 = Debug|x86
		{237DBF5C-2985-443D-9701-BAAD2372A803}.Debug|x64.ActiveCfg = Debug|x64
		{237DBF5C-2985-443D-9701-BAAD2372A803}.Debug|x64.Build.0 = Debug|x64
		{237DBF5C-2985-443D-9701-BAAD2372A803}.Debug|x64.Deploy.0 = Debug|x64
		{237DBF5C-2985-443D-9701-BAAD2372A803}.Debug|x86.ActiveCfg = Debug|x86
		{237DBF5C-2985-443D-9701-BAAD2372A803}.Debug|x86.Build.0 = Debug|x86
		{237DBF5C-2985-443D-9701-BAAD2372A803}.Debug|x86.Deploy.0 = Debug|x86
		{237DBF5C-2985-443D-9701-BAAD2372A803}.Release|Any CPU.ActiveCfg = Release|x86
		{237DBF5C-2985-443D-9701-BAAD2372A803}.Release|Any CPU.Build.0 = Release|x86
		{237DBF5C-2985-443D-9701-BAAD2372A803}.Release|Any CPU.Deploy.0 = Release|x86
		{237DBF5C-2985-443D-9701-BAAD2372A803}.Release|ARM.ActiveCfg = Release|ARM
		{237DBF5C-2985-443D-9701-BAAD2372A803}.Release|ARM.Build.0 = Release|ARM
		{237DBF5C-2985-443D-9701-BAAD2372A803}.Release|ARM.Deploy.0 = Release|ARM
		{237DBF5C-2985-443D-9701-BAAD2372A803}.Release|iPhone.ActiveCfg = Release|x86
		{237DBF5C-2985-443D-9701-BAAD2372A803}.Release|iPhone.Build.0 = Release|x86
		{237DBF5C-2985-443D-9701-BAAD2372A803}.Release|iPhone.Deploy.0 = Release|x86
		{237DBF5C-2985-443D-9701-BAAD2372A803}.Release|iPhoneSimulator.ActiveCfg = Release|x86
		{237DBF5C-2985-443D-9701-BAAD2372A803}.Release|iPhoneSimulator.Build.0 = Release|x86
		{237DBF5C-2985-443D-9701-BAAD2372A803}.Release|iPhoneSimulator.Deploy.0 = Release|x86
		{237DBF5C-2985-443D-9701-BAAD2372A803}.Release|x64.ActiveCfg = Release|x64
		{237DBF5C-2985-443D-9701-BAAD2372A803}.Release|x64.Build.0 = Release|x64
		{237DBF5C-2985-443D-9701-BAAD2372A803}.Release|x64.Deploy.0 = Release|x64
		{237DBF5C-2985-443D-9701-BAAD2372A803}.Release|x86.ActiveCfg = Release|x86
		{237DBF5C-2985-443D-9701-BAAD2372A803}.Release|x86.Build.0 = Release|x86
		{237DBF5C-2985-443D-9701-BAAD2372A803}.Release|x86.Deploy.0 = Release|x86
		{E2BD3F39-8B7C-4EE1-B69D-E585334CCA3B}.Debug|Any CPU.ActiveCfg = Debug|Any CPU
		{E2BD3F39-8B7C-4EE1-B69D-E585334CCA3B}.Debug|Any CPU.Build.0 = Debug|Any CPU
		{E2BD3F39-8B7C-4EE1-B69D-E585334CCA3B}.Debug|Any CPU.Deploy.0 = Debug|Any CPU
		{E2BD3F39-8B7C-4EE1-B69D-E585334CCA3B}.Debug|ARM.ActiveCfg = Debug|Any CPU
		{E2BD3F39-8B7C-4EE1-B69D-E585334CCA3B}.Debug|ARM.Build.0 = Debug|Any CPU
		{E2BD3F39-8B7C-4EE1-B69D-E585334CCA3B}.Debug|ARM.Deploy.0 = Debug|Any CPU
		{E2BD3F39-8B7C-4EE1-B69D-E585334CCA3B}.Debug|iPhone.ActiveCfg = Debug|Any CPU
		{E2BD3F39-8B7C-4EE1-B69D-E585334CCA3B}.Debug|iPhone.Build.0 = Debug|Any CPU
		{E2BD3F39-8B7C-4EE1-B69D-E585334CCA3B}.Debug|iPhone.Deploy.0 = Debug|Any CPU
		{E2BD3F39-8B7C-4EE1-B69D-E585334CCA3B}.Debug|iPhoneSimulator.ActiveCfg = Debug|Any CPU
		{E2BD3F39-8B7C-4EE1-B69D-E585334CCA3B}.Debug|iPhoneSimulator.Build.0 = Debug|Any CPU
		{E2BD3F39-8B7C-4EE1-B69D-E585334CCA3B}.Debug|iPhoneSimulator.Deploy.0 = Debug|Any CPU
		{E2BD3F39-8B7C-4EE1-B69D-E585334CCA3B}.Debug|x64.ActiveCfg = Debug|Any CPU
		{E2BD3F39-8B7C-4EE1-B69D-E585334CCA3B}.Debug|x64.Build.0 = Debug|Any CPU
		{E2BD3F39-8B7C-4EE1-B69D-E585334CCA3B}.Debug|x64.Deploy.0 = Debug|Any CPU
		{E2BD3F39-8B7C-4EE1-B69D-E585334CCA3B}.Debug|x86.ActiveCfg = Debug|Any CPU
		{E2BD3F39-8B7C-4EE1-B69D-E585334CCA3B}.Debug|x86.Build.0 = Debug|Any CPU
		{E2BD3F39-8B7C-4EE1-B69D-E585334CCA3B}.Debug|x86.Deploy.0 = Debug|Any CPU
		{E2BD3F39-8B7C-4EE1-B69D-E585334CCA3B}.Release|Any CPU.ActiveCfg = Release|Any CPU
		{E2BD3F39-8B7C-4EE1-B69D-E585334CCA3B}.Release|Any CPU.Build.0 = Release|Any CPU
		{E2BD3F39-8B7C-4EE1-B69D-E585334CCA3B}.Release|Any CPU.Deploy.0 = Release|Any CPU
		{E2BD3F39-8B7C-4EE1-B69D-E585334CCA3B}.Release|ARM.ActiveCfg = Release|Any CPU
		{E2BD3F39-8B7C-4EE1-B69D-E585334CCA3B}.Release|ARM.Build.0 = Release|Any CPU
		{E2BD3F39-8B7C-4EE1-B69D-E585334CCA3B}.Release|ARM.Deploy.0 = Release|Any CPU
		{E2BD3F39-8B7C-4EE1-B69D-E585334CCA3B}.Release|iPhone.ActiveCfg = Release|Any CPU
		{E2BD3F39-8B7C-4EE1-B69D-E585334CCA3B}.Release|iPhone.Build.0 = Release|Any CPU
		{E2BD3F39-8B7C-4EE1-B69D-E585334CCA3B}.Release|iPhone.Deploy.0 = Release|Any CPU
		{E2BD3F39-8B7C-4EE1-B69D-E585334CCA3B}.Release|iPhoneSimulator.ActiveCfg = Release|Any CPU
		{E2BD3F39-8B7C-4EE1-B69D-E585334CCA3B}.Release|iPhoneSimulator.Build.0 = Release|Any CPU
		{E2BD3F39-8B7C-4EE1-B69D-E585334CCA3B}.Release|iPhoneSimulator.Deploy.0 = Release|Any CPU
		{E2BD3F39-8B7C-4EE1-B69D-E585334CCA3B}.Release|x64.ActiveCfg = Release|Any CPU
		{E2BD3F39-8B7C-4EE1-B69D-E585334CCA3B}.Release|x64.Build.0 = Release|Any CPU
		{E2BD3F39-8B7C-4EE1-B69D-E585334CCA3B}.Release|x64.Deploy.0 = Release|Any CPU
		{E2BD3F39-8B7C-4EE1-B69D-E585334CCA3B}.Release|x86.ActiveCfg = Release|Any CPU
		{E2BD3F39-8B7C-4EE1-B69D-E585334CCA3B}.Release|x86.Build.0 = Release|Any CPU
		{E2BD3F39-8B7C-4EE1-B69D-E585334CCA3B}.Release|x86.Deploy.0 = Release|Any CPU
		{4C789BF4-EA1F-443B-A2D1-66E5067E029F}.Debug|Any CPU.ActiveCfg = Debug|iPhone
		{4C789BF4-EA1F-443B-A2D1-66E5067E029F}.Debug|Any CPU.Build.0 = Debug|iPhone
		{4C789BF4-EA1F-443B-A2D1-66E5067E029F}.Debug|Any CPU.Deploy.0 = Debug|iPhone
		{4C789BF4-EA1F-443B-A2D1-66E5067E029F}.Debug|ARM.ActiveCfg = Debug|iPhoneSimulator
		{4C789BF4-EA1F-443B-A2D1-66E5067E029F}.Debug|ARM.Build.0 = Debug|iPhoneSimulator
		{4C789BF4-EA1F-443B-A2D1-66E5067E029F}.Debug|ARM.Deploy.0 = Debug|iPhoneSimulator
		{4C789BF4-EA1F-443B-A2D1-66E5067E029F}.Debug|iPhone.ActiveCfg = Debug|iPhone
		{4C789BF4-EA1F-443B-A2D1-66E5067E029F}.Debug|iPhone.Build.0 = Debug|iPhone
		{4C789BF4-EA1F-443B-A2D1-66E5067E029F}.Debug|iPhone.Deploy.0 = Debug|iPhone
		{4C789BF4-EA1F-443B-A2D1-66E5067E029F}.Debug|iPhoneSimulator.ActiveCfg = Debug|iPhoneSimulator
		{4C789BF4-EA1F-443B-A2D1-66E5067E029F}.Debug|iPhoneSimulator.Build.0 = Debug|iPhoneSimulator
		{4C789BF4-EA1F-443B-A2D1-66E5067E029F}.Debug|iPhoneSimulator.Deploy.0 = Debug|iPhoneSimulator
		{4C789BF4-EA1F-443B-A2D1-66E5067E029F}.Debug|x64.ActiveCfg = Debug|iPhone
		{4C789BF4-EA1F-443B-A2D1-66E5067E029F}.Debug|x64.Build.0 = Debug|iPhone
		{4C789BF4-EA1F-443B-A2D1-66E5067E029F}.Debug|x64.Deploy.0 = Debug|iPhone
		{4C789BF4-EA1F-443B-A2D1-66E5067E029F}.Debug|x86.ActiveCfg = Debug|iPhone
		{4C789BF4-EA1F-443B-A2D1-66E5067E029F}.Debug|x86.Build.0 = Debug|iPhone
		{4C789BF4-EA1F-443B-A2D1-66E5067E029F}.Debug|x86.Deploy.0 = Debug|iPhone
		{4C789BF4-EA1F-443B-A2D1-66E5067E029F}.Release|Any CPU.ActiveCfg = Release|iPhone
		{4C789BF4-EA1F-443B-A2D1-66E5067E029F}.Release|Any CPU.Build.0 = Release|iPhone
		{4C789BF4-EA1F-443B-A2D1-66E5067E029F}.Release|Any CPU.Deploy.0 = Release|iPhone
		{4C789BF4-EA1F-443B-A2D1-66E5067E029F}.Release|ARM.ActiveCfg = Release|iPhone
		{4C789BF4-EA1F-443B-A2D1-66E5067E029F}.Release|ARM.Build.0 = Release|iPhone
		{4C789BF4-EA1F-443B-A2D1-66E5067E029F}.Release|ARM.Deploy.0 = Release|iPhone
		{4C789BF4-EA1F-443B-A2D1-66E5067E029F}.Release|iPhone.ActiveCfg = Release|iPhone
		{4C789BF4-EA1F-443B-A2D1-66E5067E029F}.Release|iPhone.Build.0 = Release|iPhone
		{4C789BF4-EA1F-443B-A2D1-66E5067E029F}.Release|iPhone.Deploy.0 = Release|iPhone
		{4C789BF4-EA1F-443B-A2D1-66E5067E029F}.Release|iPhoneSimulator.ActiveCfg = Release|iPhoneSimulator
		{4C789BF4-EA1F-443B-A2D1-66E5067E029F}.Release|iPhoneSimulator.Build.0 = Release|iPhoneSimulator
		{4C789BF4-EA1F-443B-A2D1-66E5067E029F}.Release|iPhoneSimulator.Deploy.0 = Release|iPhoneSimulator
		{4C789BF4-EA1F-443B-A2D1-66E5067E029F}.Release|x64.ActiveCfg = Release|iPhone
		{4C789BF4-EA1F-443B-A2D1-66E5067E029F}.Release|x64.Build.0 = Release|iPhone
		{4C789BF4-EA1F-443B-A2D1-66E5067E029F}.Release|x64.Deploy.0 = Release|iPhone
		{4C789BF4-EA1F-443B-A2D1-66E5067E029F}.Release|x86.ActiveCfg = Release|iPhone
		{4C789BF4-EA1F-443B-A2D1-66E5067E029F}.Release|x86.Build.0 = Release|iPhone
		{4C789BF4-EA1F-443B-A2D1-66E5067E029F}.Release|x86.Deploy.0 = Release|iPhone
		{074D275E-C7BD-4865-883C-ACBBB2D6B40B}.Debug|Any CPU.ActiveCfg = Debug|Any CPU
		{074D275E-C7BD-4865-883C-ACBBB2D6B40B}.Debug|Any CPU.Build.0 = Debug|Any CPU
		{074D275E-C7BD-4865-883C-ACBBB2D6B40B}.Debug|Any CPU.Deploy.0 = Debug|Any CPU
		{074D275E-C7BD-4865-883C-ACBBB2D6B40B}.Debug|ARM.ActiveCfg = Debug|Any CPU
		{074D275E-C7BD-4865-883C-ACBBB2D6B40B}.Debug|ARM.Build.0 = Debug|Any CPU
		{074D275E-C7BD-4865-883C-ACBBB2D6B40B}.Debug|ARM.Deploy.0 = Debug|Any CPU
		{074D275E-C7BD-4865-883C-ACBBB2D6B40B}.Debug|iPhone.ActiveCfg = Debug|Any CPU
		{074D275E-C7BD-4865-883C-ACBBB2D6B40B}.Debug|iPhone.Build.0 = Debug|Any CPU
		{074D275E-C7BD-4865-883C-ACBBB2D6B40B}.Debug|iPhone.Deploy.0 = Debug|Any CPU
		{074D275E-C7BD-4865-883C-ACBBB2D6B40B}.Debug|iPhoneSimulator.ActiveCfg = Debug|Any CPU
		{074D275E-C7BD-4865-883C-ACBBB2D6B40B}.Debug|iPhoneSimulator.Build.0 = Debug|Any CPU
		{074D275E-C7BD-4865-883C-ACBBB2D6B40B}.Debug|iPhoneSimulator.Deploy.0 = Debug|Any CPU
		{074D275E-C7BD-4865-883C-ACBBB2D6B40B}.Debug|x64.ActiveCfg = Debug|Any CPU
		{074D275E-C7BD-4865-883C-ACBBB2D6B40B}.Debug|x64.Build.0 = Debug|Any CPU
		{074D275E-C7BD-4865-883C-ACBBB2D6B40B}.Debug|x64.Deploy.0 = Debug|Any CPU
		{074D275E-C7BD-4865-883C-ACBBB2D6B40B}.Debug|x86.ActiveCfg = Debug|Any CPU
		{074D275E-C7BD-4865-883C-ACBBB2D6B40B}.Debug|x86.Build.0 = Debug|Any CPU
		{074D275E-C7BD-4865-883C-ACBBB2D6B40B}.Debug|x86.Deploy.0 = Debug|Any CPU
		{074D275E-C7BD-4865-883C-ACBBB2D6B40B}.Release|Any CPU.ActiveCfg = Release|Any CPU
		{074D275E-C7BD-4865-883C-ACBBB2D6B40B}.Release|Any CPU.Build.0 = Release|Any CPU
		{074D275E-C7BD-4865-883C-ACBBB2D6B40B}.Release|Any CPU.Deploy.0 = Release|Any CPU
		{074D275E-C7BD-4865-883C-ACBBB2D6B40B}.Release|ARM.ActiveCfg = Release|Any CPU
		{074D275E-C7BD-4865-883C-ACBBB2D6B40B}.Release|ARM.Build.0 = Release|Any CPU
		{074D275E-C7BD-4865-883C-ACBBB2D6B40B}.Release|ARM.Deploy.0 = Release|Any CPU
		{074D275E-C7BD-4865-883C-ACBBB2D6B40B}.Release|iPhone.ActiveCfg = Release|Any CPU
		{074D275E-C7BD-4865-883C-ACBBB2D6B40B}.Release|iPhone.Build.0 = Release|Any CPU
		{074D275E-C7BD-4865-883C-ACBBB2D6B40B}.Release|iPhone.Deploy.0 = Release|Any CPU
		{074D275E-C7BD-4865-883C-ACBBB2D6B40B}.Release|iPhoneSimulator.ActiveCfg = Release|Any CPU
		{074D275E-C7BD-4865-883C-ACBBB2D6B40B}.Release|iPhoneSimulator.Build.0 = Release|Any CPU
		{074D275E-C7BD-4865-883C-ACBBB2D6B40B}.Release|iPhoneSimulator.Deploy.0 = Release|Any CPU
		{074D275E-C7BD-4865-883C-ACBBB2D6B40B}.Release|x64.ActiveCfg = Release|Any CPU
		{074D275E-C7BD-4865-883C-ACBBB2D6B40B}.Release|x64.Build.0 = Release|Any CPU
		{074D275E-C7BD-4865-883C-ACBBB2D6B40B}.Release|x64.Deploy.0 = Release|Any CPU
		{074D275E-C7BD-4865-883C-ACBBB2D6B40B}.Release|x86.ActiveCfg = Release|Any CPU
		{074D275E-C7BD-4865-883C-ACBBB2D6B40B}.Release|x86.Build.0 = Release|Any CPU
		{074D275E-C7BD-4865-883C-ACBBB2D6B40B}.Release|x86.Deploy.0 = Release|Any CPU
	EndGlobalSection
	GlobalSection(SolutionProperties) = preSolution
		HideSolutionNode = FALSE
	EndGlobalSection
	GlobalSection(ExtensibilityGlobals) = postSolution
		SolutionGuid = {AA0BFD8E-67E8-47A5-940F-C7F749522739}
	EndGlobalSection
EndGlobal
